
Microsoft Visual Studio Solution File, Format Version 12.00
# Visual Studio Version 16
VisualStudioVersion = 16.0.28803.352
MinimumVisualStudioVersion = 10.0.40219.1
Project("{FAE04EC0-301F-11D3-BF4B-00C04F79EFBC}") = "GlobalHockeyConnections", "GlobalHockeyConnections\GlobalHockeyConnections.csproj", "{0147142C-9830-4414-832D-A7F89D59D28F}"
EndProject
Global
	GlobalSection(SolutionConfigurationPlatforms) = preSolution
		Debug|Any CPU = Debug|Any CPU
		Release|Any CPU = Release|Any CPU
	EndGlobalSection
	GlobalSection(ProjectConfigurationPlatforms) = postSolution
		{0147142C-9830-4414-832D-A7F89D59D28F}.Debug|Any CPU.ActiveCfg = Debug|Any CPU
		{0147142C-9830-4414-832D-A7F89D59D28F}.Debug|Any CPU.Build.0 = Debug|Any CPU
		{0147142C-9830-4414-832D-A7F89D59D28F}.Release|Any CPU.ActiveCfg = Release|Any CPU
		{0147142C-9830-4414-832D-A7F89D59D28F}.Release|Any CPU.Build.0 = Release|Any CPU
	EndGlobalSection
	GlobalSection(SolutionProperties) = preSolution
		HideSolutionNode = FALSE
	EndGlobalSection
	GlobalSection(ExtensibilityGlobals) = postSolution
		SolutionGuid = {638F2A01-9F2C-463A-9B5C-EEA13DF9D7D2}
	EndGlobalSection
EndGlobal
